
Microsoft Visual Studio Solution File, Format Version 12.00
# Visual Studio Version 16
VisualStudioVersion = 16.0.31112.23
MinimumVisualStudioVersion = 10.0.40219.1
Project("{FAE04EC0-301F-11D3-BF4B-00C04F79EFBC}") = "presentacionWeb", "Tp-Webforms\presentacionWeb.csproj", "{CA8A7BC3-3154-485B-9F94-0451FA7C73FE}"
EndProject
Project("{FAE04EC0-301F-11D3-BF4B-00C04F79EFBC}") = "Controlador", "controlador\Controlador.csproj", "{424B2C21-53D2-4424-8725-018A5A55BEB2}"
EndProject
Project("{FAE04EC0-301F-11D3-BF4B-00C04F79EFBC}") = "Modelo", "Modelo\Modelo.csproj", "{05EB5DB7-3281-40EB-86C2-2DBF14C583D7}"
EndProject
Global
	GlobalSection(SolutionConfigurationPlatforms) = preSolution
		Debug|Any CPU = Debug|Any CPU
		Release|Any CPU = Release|Any CPU
	EndGlobalSection
	GlobalSection(ProjectConfigurationPlatforms) = postSolution
		{CA8A7BC3-3154-485B-9F94-0451FA7C73FE}.Debug|Any CPU.ActiveCfg = Debug|Any CPU
		{CA8A7BC3-3154-485B-9F94-0451FA7C73FE}.Debug|Any CPU.Build.0 = Debug|Any CPU
		{CA8A7BC3-3154-485B-9F94-0451FA7C73FE}.Release|Any CPU.ActiveCfg = Release|Any CPU
		{CA8A7BC3-3154-485B-9F94-0451FA7C73FE}.Release|Any CPU.Build.0 = Release|Any CPU
		{424B2C21-53D2-4424-8725-018A5A55BEB2}.Debug|Any CPU.ActiveCfg = Debug|Any CPU
		{424B2C21-53D2-4424-8725-018A5A55BEB2}.Debug|Any CPU.Build.0 = Debug|Any CPU
		{424B2C21-53D2-4424-8725-018A5A55BEB2}.Release|Any CPU.ActiveCfg = Release|Any CPU
		{424B2C21-53D2-4424-8725-018A5A55BEB2}.Release|Any CPU.Build.0 = Release|Any CPU
		{05EB5DB7-3281-40EB-86C2-2DBF14C583D7}.Debug|Any CPU.ActiveCfg = Debug|Any CPU
		{05EB5DB7-3281-40EB-86C2-2DBF14C583D7}.Debug|Any CPU.Build.0 = Debug|Any CPU
		{05EB5DB7-3281-40EB-86C2-2DBF14C583D7}.Release|Any CPU.ActiveCfg = Release|Any CPU
		{05EB5DB7-3281-40EB-86C2-2DBF14C583D7}.Release|Any CPU.Build.0 = Release|Any CPU
	EndGlobalSection
	GlobalSection(SolutionProperties) = preSolution
		HideSolutionNode = FALSE
	EndGlobalSection
	GlobalSection(ExtensibilityGlobals) = postSolution
		SolutionGuid = {C1E3DDF3-EF4F-459F-B5D1-FDADFC05C1CF}
	EndGlobalSection
EndGlobal
